
Microsoft Visual Studio Solution File, Format Version 12.00
# Visual Studio 15
VisualStudioVersion = 15.0.28307.421
MinimumVisualStudioVersion = 10.0.40219.1
Project("{FAE04EC0-301F-11D3-BF4B-00C04F79EFBC}") = "TesteIMG", "TesteIMG\TesteIMG.csproj", "{5876F3B2-4E20-4C4E-A806-F29EDA64369A}"
EndProject
Global
	GlobalSection(SolutionConfigurationPlatforms) = preSolution
		Debug|Any CPU = Debug|Any CPU
		Release|Any CPU = Release|Any CPU
	EndGlobalSection
	GlobalSection(ProjectConfigurationPlatforms) = postSolution
		{5876F3B2-4E20-4C4E-A806-F29EDA64369A}.Debug|Any CPU.ActiveCfg = Debug|Any CPU
		{5876F3B2-4E20-4C4E-A806-F29EDA64369A}.Debug|Any CPU.Build.0 = Debug|Any CPU
		{5876F3B2-4E20-4C4E-A806-F29EDA64369A}.Release|Any CPU.ActiveCfg = Release|Any CPU
		{5876F3B2-4E20-4C4E-A806-F29EDA64369A}.Release|Any CPU.Build.0 = Release|Any CPU
	EndGlobalSection
	GlobalSection(SolutionProperties) = preSolution
		HideSolutionNode = FALSE
	EndGlobalSection
	GlobalSection(ExtensibilityGlobals) = postSolution
		SolutionGuid = {61B64A2D-05EE-435D-94F2-7B3D42832A7E}
	EndGlobalSection
EndGlobal
